
Microsoft Visual Studio Solution File, Format Version 12.00
# Visual Studio Version 17
VisualStudioVersion = 17.6.33723.286
MinimumVisualStudioVersion = 10.0.40219.1
Project("{FAE04EC0-301F-11D3-BF4B-00C04F79EFBC}") = "IDGS902_Api", "IDGS902_Api\IDGS902_Api.csproj", "{B00395C9-B70D-49BC-99E7-49303439E2FC}"
EndProject
Global
	GlobalSection(SolutionConfigurationPlatforms) = preSolution
		Debug|Any CPU = Debug|Any CPU
		Release|Any CPU = Release|Any CPU
	EndGlobalSection
	GlobalSection(ProjectConfigurationPlatforms) = postSolution
		{B00395C9-B70D-49BC-99E7-49303439E2FC}.Debug|Any CPU.ActiveCfg = Debug|Any CPU
		{B00395C9-B70D-49BC-99E7-49303439E2FC}.Debug|Any CPU.Build.0 = Debug|Any CPU
		{B00395C9-B70D-49BC-99E7-49303439E2FC}.Release|Any CPU.ActiveCfg = Release|Any CPU
		{B00395C9-B70D-49BC-99E7-49303439E2FC}.Release|Any CPU.Build.0 = Release|Any CPU
	EndGlobalSection
	GlobalSection(SolutionProperties) = preSolution
		HideSolutionNode = FALSE
	EndGlobalSection
	GlobalSection(ExtensibilityGlobals) = postSolution
		SolutionGuid = {B4DC2E93-744E-4F44-B05A-5E25EDE833BC}
	EndGlobalSection
EndGlobal
